<Solution>
  <Configurations>
    <Platform Name="x64" />
    <Platform Name="x86" />
  </Configurations>
  <Project Path="assSwap/assSwap.vcxproj" Id="4e76bcbf-7b91-4f14-8379-4f90fc749ba9" />
  <Project Path="D:/udemy/cpp for games/Enums/Enums.vcxproj" Id="9296f5bb-cfa7-406e-a8b2-44baa6e955e4" />
  <Project Path="D:/udemy/cpp for games/file IO/file IO.vcxproj" Id="5415b956-c79e-444c-8c63-61bee34106d4" />
  <Project Path="D:/udemy/cpp for games/Floats/Floats.vcxproj" Id="bfbb934f-64dd-4e22-999a-21583d6ed92e" />
  <Project Path="D:/udemy/cpp for games/Hello world2/Hello world2.vcxproj" Id="d5535bd5-6d22-42e4-aa6f-a9b191315e79" />
  <Project Path="D:/udemy/cpp for games/integrals/integrals.vcxproj" Id="509acafb-5b18-4b75-8d37-805e8a625cb9" />
  <Project Path="DynamicArray/DynamicArray.vcxproj" Id="f4f5501f-d0cb-4ee0-8495-c3fc87bbe23c" />
  <Project Path="Enhanced Calculator/Enhanced Calculator.vcxproj" Id="2b96b526-95fd-4d0c-9331-25aa461af5bb" />
  <Project Path="pointers/pointers.vcxproj" Id="f703a61a-407b-4938-b064-9c821a9d5985" />
</Solution>
